// !$*UTF8*$!
{
	archiveVersion = 1;
	classes = {
	};
	objectVersion = 46;
	objects = {

/* Begin PBXBuildFile section */
		8967549B1C81345000057E20 /* AppDelegate.swift in Sources */ = {isa = PBXBuildFile; fileRef = 8967549A1C81345000057E20 /* AppDelegate.swift */; };
		8967549D1C81345000057E20 /* ViewController.swift in Sources */ = {isa = PBXBuildFile; fileRef = 8967549C1C81345000057E20 /* ViewController.swift */; };
		896754A01C81345000057E20 /* Main.storyboard in Resources */ = {isa = PBXBuildFile; fileRef = 8967549E1C81345000057E20 /* Main.storyboard */; };
		896754A21C81345000057E20 /* Assets.xcassets in Resources */ = {isa = PBXBuildFile; fileRef = 896754A11C81345000057E20 /* Assets.xcassets */; };
		896754A51C81345000057E20 /* LaunchScreen.storyboard in Resources */ = {isa = PBXBuildFile; fileRef = 896754A31C81345000057E20 /* LaunchScreen.storyboard */; };
		896754B01C81345000057E20 /* AnimationDemoTests.swift in Sources */ = {isa = PBXBuildFile; fileRef = 896754AF1C81345000057E20 /* AnimationDemoTests.swift */; };
		896754BB1C81345000057E20 /* AnimationDemoUITests.swift in Sources */ = {isa = PBXBuildFile; fileRef = 896754BA1C81345000057E20 /* AnimationDemoUITests.swift */; };
		896754C91C81347D00057E20 /* PRTransformLayer.swift in Sources */ = {isa = PBXBuildFile; fileRef = 896754C81C81347D00057E20 /* PRTransformLayer.swift */; };
/* End PBXBuildFile section */

/* Begin PBXContainerItemProxy section */
		896754AC1C81345000057E20 /* PBXContainerItemProxy */ = {
			isa = PBXContainerItemProxy;
			containerPortal = 8967548F1C81345000057E20 /* Project object */;
			proxyType = 1;
			remoteGlobalIDString = 896754961C81345000057E20;
			remoteInfo = AnimationDemo;
		};
		896754B71C81345000057E20 /* PBXContainerItemProxy */ = {
			isa = PBXContainerItemProxy;
			containerPortal = 8967548F1C81345000057E20 /* Project object */;
			proxyType = 1;
			remoteGlobalIDString = 896754961C81345000057E20;
			remoteInfo = AnimationDemo;
		};
/* End PBXContainerItemProxy section */

/* Begin PBXFileReference section */
		896754971C81345000057E20 /* AnimationDemo.app */ = {isa = PBXFileReference; explicitFileType = wrapper.application; includeInIndex = 0; path = AnimationDemo.app; sourceTree = BUILT_PRODUCTS_DIR; };
		8967549A1C81345000057E20 /* AppDelegate.swift */ = {isa = PBXFileReference; lastKnownFileType = sourcecode.swift; path = AppDelegate.swift; sourceTree = "<group>"; };
		8967549C1C81345000057E20 /* ViewController.swift */ = {isa = PBXFileReference; lastKnownFileType = sourcecode.swift; path = ViewController.swift; sourceTree = "<group>"; };
		8967549F1C81345000057E20 /* Base */ = {isa = PBXFileReference; lastKnownFileType = file.storyboard; name = Base; path = Base.lproj/Main.storyboard; sourceTree = "<group>"; };
		896754A11C81345000057E20 /* Assets.xcassets */ = {isa = PBXFileReference; lastKnownFileType = folder.assetcatalog; path = Assets.xcassets; sourceTree = "<group>"; };
		896754A41C81345000057E20 /* Base */ = {isa = PBXFileReference; lastKnownFileType = file.storyboard; name = Base; path = Base.lproj/LaunchScreen.storyboard; sourceTree = "<group>"; };
		896754A61C81345000057E20 /* Info.plist */ = {isa = PBXFileReference; lastKnownFileType = text.plist.xml; path = Info.plist; sourceTree = "<group>"; };
		896754AB1C81345000057E20 /* AnimationDemoTests.xctest */ = {isa = PBXFileReference; explicitFileType = wrapper.cfbundle; includeInIndex = 0; path = AnimationDemoTests.xctest; sourceTree = BUILT_PRODUCTS_DIR; };
		896754AF1C81345000057E20 /* AnimationDemoTests.swift */ = {isa = PBXFileReference; lastKnownFileType = sourcecode.swift; path = AnimationDemoTests.swift; sourceTree = "<group>"; };
		896754B11C81345000057E20 /* Info.plist */ = {isa = PBXFileReference; lastKnownFileType = text.plist.xml; path = Info.plist; sourceTree = "<group>"; };
		896754B61C81345000057E20 /* AnimationDemoUITests.xctest */ = {isa = PBXFileReference; explicitFileType = wrapper.cfbundle; includeInIndex = 0; path = AnimationDemoUITests.xctest; sourceTree = BUILT_PRODUCTS_DIR; };
		896754BA1C81345000057E20 /* AnimationDemoUITests.swift */ = {isa = PBXFileReference; lastKnownFileType = sourcecode.swift; path = AnimationDemoUITests.swift; sourceTree = "<group>"; };
		896754BC1C81345000057E20 /* Info.plist */ = {isa = PBXFileReference; lastKnownFileType = text.plist.xml; path = Info.plist; sourceTree = "<group>"; };
		896754C81C81347D00057E20 /* PRTransformLayer.swift */ = {isa = PBXFileReference; fileEncoding = 4; lastKnownFileType = sourcecode.swift; path = PRTransformLayer.swift; sourceTree = "<group>"; };
/* End PBXFileReference section */

/* Begin PBXFrameworksBuildPhase section */
		896754941C81345000057E20 /* Frameworks */ = {
			isa = PBXFrameworksBuildPhase;
			buildActionMask = 2147483647;
			files = (
			);
			runOnlyForDeploymentPostprocessing = 0;
		};
		896754A81C81345000057E20 /* Frameworks */ = {
			isa = PBXFrameworksBuildPhase;
			buildActionMask = 2147483647;
			files = (
			);
			runOnlyForDeploymentPostprocessing = 0;
		};
		896754B31C81345000057E20 /* Frameworks */ = {
			isa = PBXFrameworksBuildPhase;
			buildActionMask = 2147483647;
			files = (
			);
			runOnlyForDeploymentPostprocessing = 0;
		};
/* End PBXFrameworksBuildPhase section */

/* Begin PBXGroup section */
		8967548E1C81345000057E20 = {
			isa = PBXGroup;
			children = (
				896754991C81345000057E20 /* AnimationDemo */,
				896754AE1C81345000057E20 /* AnimationDemoTests */,
				896754B91C81345000057E20 /* AnimationDemoUITests */,
				896754981C81345000057E20 /* Products */,
			);
			sourceTree = "<group>";
		};
		896754981C81345000057E20 /* Products */ = {
			isa = PBXGroup;
			children = (
				896754971C81345000057E20 /* AnimationDemo.app */,
				896754AB1C81345000057E20 /* AnimationDemoTests.xctest */,
				896754B61C81345000057E20 /* AnimationDemoUITests.xctest */,
			);
			name = Products;
			sourceTree = "<group>";
		};
		896754991C81345000057E20 /* AnimationDemo */ = {
			isa = PBXGroup;
			children = (
				8967549A1C81345000057E20 /* AppDelegate.swift */,
				8967549C1C81345000057E20 /* ViewController.swift */,
				896754C81C81347D00057E20 /* PRTransformLayer.swift */,
				8967549E1C81345000057E20 /* Main.storyboard */,
				896754A11C81345000057E20 /* Assets.xcassets */,
				896754A31C81345000057E20 /* LaunchScreen.storyboard */,
				896754A61C81345000057E20 /* Info.plist */,
			);
			path = AnimationDemo;
			sourceTree = "<group>";
		};
		896754AE1C81345000057E20 /* AnimationDemoTests */ = {
			isa = PBXGroup;
			children = (
				896754AF1C81345000057E20 /* AnimationDemoTests.swift */,
				896754B11C81345000057E20 /* Info.plist */,
			);
			path = AnimationDemoTests;
			sourceTree = "<group>";
		};
		896754B91C81345000057E20 /* AnimationDemoUITests */ = {
			isa = PBXGroup;
			children = (
				896754BA1C81345000057E20 /* AnimationDemoUITests.swift */,
				896754BC1C81345000057E20 /* Info.plist */,
			);
			path = AnimationDemoUITests;
			sourceTree = "<group>";
		};
/* End PBXGroup section */

/* Begin PBXNativeTarget section */
		896754961C81345000057E20 /* AnimationDemo */ = {
			isa = PBXNativeTarget;
			buildConfigurationList = 896754BF1C81345000057E20 /* Build configuration list for PBXNativeTarget "AnimationDemo" */;
			buildPhases = (
				896754931C81345000057E20 /* Sources */,
				896754941C81345000057E20 /* Frameworks */,
				896754951C81345000057E20 /* Resources */,
			);
			buildRules = (
			);
			dependencies = (
			);
			name = AnimationDemo;
			productName = AnimationDemo;
			productReference = 896754971C81345000057E20 /* AnimationDemo.app */;
			productType = "com.apple.product-type.application";
		};
		896754AA1C81345000057E20 /* AnimationDemoTests */ = {
			isa = PBXNativeTarget;
			buildConfigurationList = 896754C21C81345000057E20 /* Build configuration list for PBXNativeTarget "AnimationDemoTests" */;
			buildPhases = (
				896754A71C81345000057E20 /* Sources */,
				896754A81C81345000057E20 /* Frameworks */,
				896754A91C81345000057E20 /* Resources */,
			);
			buildRules = (
			);
			dependencies = (
				896754AD1C81345000057E20 /* PBXTargetDependency */,
			);
			name = AnimationDemoTests;
			productName = AnimationDemoTests;
			productReference = 896754AB1C81345000057E20 /* AnimationDemoTests.xctest */;
			productType = "com.apple.product-type.bundle.unit-test";
		};
		896754B51C81345000057E20 /* AnimationDemoUITests */ = {
			isa = PBXNativeTarget;
			buildConfigurationList = 896754C51C81345000057E20 /* Build configuration list for PBXNativeTarget "AnimationDemoUITests" */;
			buildPhases = (
				896754B21C81345000057E20 /* Sources */,
				896754B31C81345000057E20 /* Frameworks */,
				896754B41C81345000057E20 /* Resources */,
			);
			buildRules = (
			);
			dependencies = (
				896754B81C81345000057E20 /* PBXTargetDependency */,
			);
			name = AnimationDemoUITests;
			productName = AnimationDemoUITests;
			productReference = 896754B61C81345000057E20 /* AnimationDemoUITests.xctest */;
			productType = "com.apple.product-type.bundle.ui-testing";
		};
/* End PBXNativeTarget section */

/* Begin PBXProject section */
		8967548F1C81345000057E20 /* Project object */ = {
			isa = PBXProject;
			attributes = {
				LastSwiftUpdateCheck = 0720;
				LastUpgradeCheck = 0720;
				ORGANIZATIONNAME = JSHENG;
				TargetAttributes = {
					896754961C81345000057E20 = {
						CreatedOnToolsVersion = 7.2;
					};
					896754AA1C81345000057E20 = {
						CreatedOnToolsVersion = 7.2;
						TestTargetID = 896754961C81345000057E20;
					};
					896754B51C81345000057E20 = {
						CreatedOnToolsVersion = 7.2;
						TestTargetID = 896754961C81345000057E20;
					};
				};
			};
			buildConfigurationList = 896754921C81345000057E20 /* Build configuration list for PBXProject "AnimationDemo" */;
			compatibilityVersion = "Xcode 3.2";
			developmentRegion = English;
			hasScannedForEncodings = 0;
			knownRegions = (
				en,
				Base,
			);
			mainGroup = 8967548E1C81345000057E20;
			productRefGroup = 896754981C81345000057E20 /* Products */;
			projectDirPath = "";
			projectRoot = "";
			targets = (
				896754961C81345000057E20 /* AnimationDemo */,
				896754AA1C81345000057E20 /* AnimationDemoTests */,
				896754B51C81345000057E20 /* AnimationDemoUITests */,
			);
		};
/* End PBXProject section */

/* Begin PBXResourcesBuildPhase section */
		896754951C81345000057E20 /* Resources */ = {
			isa = PBXResourcesBuildPhase;
			buildActionMask = 2147483647;
			files = (
				896754A51C81345000057E20 /* LaunchScreen.storyboard in Resources */,
				896754A21C81345000057E20 /* Assets.xcassets in Resources */,
				896754A01C81345000057E20 /* Main.storyboard in Resources */,
			);
			runOnlyForDeploymentPostprocessing = 0;
		};
		896754A91C81345000057E20 /* Resources */ = {
			isa = PBXResourcesBuildPhase;
			buildActionMask = 2147483647;
			files = (
			);
			runOnlyForDeploymentPostprocessing = 0;
		};
		896754B41C81345000057E20 /* Resources */ = {
			isa = PBXResourcesBuildPhase;
			buildActionMask = 2147483647;
			files = (
			);
			runOnlyForDeploymentPostprocessing = 0;
		};
/* End PBXResourcesBuildPhase section */

/* Begin PBXSourcesBuildPhase section */
		896754931C81345000057E20 /* Sources */ = {
			isa = PBXSourcesBuildPhase;
			buildActionMask = 2147483647;
			files = (
				896754C91C81347D00057E20 /* PRTransformLayer.swift in Sources */,
				8967549D1C81345000057E20 /* ViewController.swift in Sources */,
				8967549B1C81345000057E20 /* AppDelegate.swift in Sources */,
			);
			runOnlyForDeploymentPostprocessing = 0;
		};
		896754A71C81345000057E20 /* Sources */ = {
			isa = PBXSourcesBuildPhase;
			buildActionMask = 2147483647;
			files = (
				896754B01C81345000057E20 /* AnimationDemoTests.swift in Sources */,
			);
			runOnlyForDeploymentPostprocessing = 0;
		};
		896754B21C81345000057E20 /* Sources */ = {
			isa = PBXSourcesBuildPhase;
			buildActionMask = 2147483647;
			files = (
				896754BB1C81345000057E20 /* AnimationDemoUITests.swift in Sources */,
			);
			runOnlyForDeploymentPostprocessing = 0;
		};
/* End PBXSourcesBuildPhase section */

/* Begin PBXTargetDependency section */
		896754AD1C81345000057E20 /* PBXTargetDependency */ = {
			isa = PBXTargetDependency;
			target = 896754961C81345000057E20 /* AnimationDemo */;
			targetProxy = 896754AC1C81345000057E20 /* PBXContainerItemProxy */;
		};
		896754B81C81345000057E20 /* PBXTargetDependency */ = {
			isa = PBXTargetDependency;
			target = 896754961C81345000057E20 /* AnimationDemo */;
			targetProxy = 896754B71C81345000057E20 /* PBXContainerItemProxy */;
		};
/* End PBXTargetDependency section */

/* Begin PBXVariantGroup section */
		8967549E1C81345000057E20 /* Main.storyboard */ = {
			isa = PBXVariantGroup;
			children = (
				8967549F1C81345000057E20 /* Base */,
			);
			name = Main.storyboard;
			sourceTree = "<group>";
		};
		896754A31C81345000057E20 /* LaunchScreen.storyboard */ = {
			isa = PBXVariantGroup;
			children = (
				896754A41C81345000057E20 /* Base */,
			);
			name = LaunchScreen.storyboard;
			sourceTree = "<group>";
		};
/* End PBXVariantGroup section */

/* Begin XCBuildConfiguration section */
		896754BD1C81345000057E20 /* Debug */ = {
			isa = XCBuildConfiguration;
			buildSettings = {
				ALWAYS_SEARCH_USER_PATHS = NO;
				CLANG_CXX_LANGUAGE_STANDARD = "gnu++0x";
				CLANG_CXX_LIBRARY = "libc++";
				CLANG_ENABLE_MODULES = YES;
				CLANG_ENABLE_OBJC_ARC = YES;
				CLANG_WARN_BOOL_CONVERSION = YES;
				CLANG_WARN_CONSTANT_CONVERSION = YES;
				CLANG_WARN_DIRECT_OBJC_ISA_USAGE = YES_ERROR;
				CLANG_WARN_EMPTY_BODY = YES;
				CLANG_WARN_ENUM_CONVERSION = YES;
				CLANG_WARN_INT_CONVERSION = YES;
				CLANG_WARN_OBJC_ROOT_CLASS = YES_ERROR;
				CLANG_WARN_UNREACHABLE_CODE = YES;
				CLANG_WARN__DUPLICATE_METHOD_MATCH = YES;
				"CODE_SIGN_IDENTITY[sdk=iphoneos*]" = "iPhone Developer";
				COPY_PHASE_STRIP = NO;
				DEBUG_INFORMATION_FORMAT = dwarf;
				ENABLE_STRICT_OBJC_MSGSEND = YES;
				ENABLE_TESTABILITY = YES;
				GCC_C_LANGUAGE_STANDARD = gnu99;
				GCC_DYNAMIC_NO_PIC = NO;
				GCC_NO_COMMON_BLOCKS = YES;
				GCC_OPTIMIZATION_LEVEL = 0;
				GCC_PREPROCESSOR_DEFINITIONS = (
					"DEBUG=1",
					"$(inherited)",
				);
				GCC_WARN_64_TO_32_BIT_CONVERSION = YES;
				GCC_WARN_ABOUT_RETURN_TYPE = YES_ERROR;
				GCC_WARN_UNDECLARED_SELECTOR = YES;
				GCC_WARN_UNINITIALIZED_AUTOS = YES_AGGRESSIVE;
				GCC_WARN_UNUSED_FUNCTION = YES;
				GCC_WARN_UNUSED_VARIABLE = YES;
				IPHONEOS_DEPLOYMENT_TARGET = 9.2;
				MTL_ENABLE_DEBUG_INFO = YES;
				ONLY_ACTIVE_ARCH = YES;
				SDKROOT = iphoneos;
				SWIFT_OPTIMIZATION_LEVEL = "-Onone";
			};
			name = Debug;
		};
		896754BE1C81345000057E20 /* Release */ = {
			isa = XCBuildConfiguration;
			buildSettings = {
				ALWAYS_SEARCH_USER_PATHS = NO;
				CLANG_CXX_LANGUAGE_STANDARD = "gnu++0x";
				CLANG_CXX_LIBRARY = "libc++";
				CLANG_ENABLE_MODULES = YES;
				CLANG_ENABLE_OBJC_ARC = YES;
				CLANG_WARN_BOOL_CONVERSION = YES;
				CLANG_WARN_CONSTANT_CONVERSION = YES;
				CLANG_WARN_DIRECT_OBJC_ISA_USAGE = YES_ERROR;
				CLANG_WARN_EMPTY_BODY = YES;
				CLANG_WARN_ENUM_CONVERSION = YES;
				CLANG_WARN_INT_CONVERSION = YES;
				CLANG_WARN_OBJC_ROOT_CLASS = YES_ERROR;
				CLANG_WARN_UNREACHABLE_CODE = YES;
				CLANG_WARN__DUPLICATE_METHOD_MATCH = YES;
				"CODE_SIGN_IDENTITY[sdk=iphoneos*]" = "iPhone Developer";
				COPY_PHASE_STRIP = NO;
				DEBUG_INFORMATION_FORMAT = "dwarf-with-dsym";
				ENABLE_NS_ASSERTIONS = NO;
				ENABLE_STRICT_OBJC_MSGSEND = YES;
				GCC_C_LANGUAGE_STANDARD = gnu99;
				GCC_NO_COMMON_BLOCKS = YES;
				GCC_WARN_64_TO_32_BIT_CONVERSION = YES;
				GCC_WARN_ABOUT_RETURN_TYPE = YES_ERROR;
				GCC_WARN_UNDECLARED_SELECTOR = YES;
				GCC_WARN_UNINITIALIZED_AUTOS = YES_AGGRESSIVE;
				GCC_WARN_UNUSED_FUNCTION = YES;
				GCC_WARN_UNUSED_VARIABLE = YES;
				IPHONEOS_DEPLOYMENT_TARGET = 9.2;
				MTL_ENABLE_DEBUG_INFO = NO;
				SDKROOT = iphoneos;
				VALIDATE_PRODUCT = YES;
			};
			name = Release;
		};
		896754C01C81345000057E20 /* Debug */ = {
			isa = XCBuildConfiguration;
			buildSettings = {
				ASSETCATALOG_COMPILER_APPICON_NAME = AppIcon;
				INFOPLIST_FILE = AnimationDemo/Info.plist;
				LD_RUNPATH_SEARCH_PATHS = "$(inherited) @executable_path/Frameworks";
				PRODUCT_BUNDLE_IDENTIFIER = com.JSHENG.AnimationDemo;
				PRODUCT_NAME = "$(TARGET_NAME)";
			};
			name = Debug;
		};
		896754C11C81345000057E20 /* Release */ = {
			isa = XCBuildConfiguration;
			buildSettings = {
				ASSETCATALOG_COMPILER_APPICON_NAME = AppIcon;
				INFOPLIST_FILE = AnimationDemo/Info.plist;
				LD_RUNPATH_SEARCH_PATHS = "$(inherited) @executable_path/Frameworks";
				PRODUCT_BUNDLE_IDENTIFIER = com.JSHENG.AnimationDemo;
				PRODUCT_NAME = "$(TARGET_NAME)";
			};
			name = Release;
		};
		896754C31C81345000057E20 /* Debug */ = {
			isa = XCBuildConfiguration;
			buildSettings = {
				BUNDLE_LOADER = "$(TEST_HOST)";
				INFOPLIST_FILE = AnimationDemoTests/Info.plist;
				LD_RUNPATH_SEARCH_PATHS = "$(inherited) @executable_path/Frameworks @loader_path/Frameworks";
				PRODUCT_BUNDLE_IDENTIFIER = com.JSHENG.AnimationDemoTests;
				PRODUCT_NAME = "$(TARGET_NAME)";
				TEST_HOST = "$(BUILT_PRODUCTS_DIR)/AnimationDemo.app/AnimationDemo";
			};
			name = Debug;
		};
		896754C41C81345000057E20 /* Release */ = {
			isa = XCBuildConfiguration;
			buildSettings = {
				BUNDLE_LOADER = "$(TEST_HOST)";
				INFOPLIST_FILE = AnimationDemoTests/Info.plist;
				LD_RUNPATH_SEARCH_PATHS = "$(inherited) @executable_path/Frameworks @loader_path/Frameworks";
				PRODUCT_BUNDLE_IDENTIFIER = com.JSHENG.AnimationDemoTests;
				PRODUCT_NAME = "$(TARGET_NAME)";
				TEST_HOST = "$(BUILT_PRODUCTS_DIR)/AnimationDemo.app/AnimationDemo";
			};
			name = Release;
		};
		896754C61C81345000057E20 /* Debug */ = {
			isa = XCBuildConfiguration;
			buildSettings = {
				INFOPLIST_FILE = AnimationDemoUITests/Info.plist;
				LD_RUNPATH_SEARCH_PATHS = "$(inherited) @executable_path/Frameworks @loader_path/Frameworks";
				PRODUCT_BUNDLE_IDENTIFIER = com.JSHENG.AnimationDemoUITests;
				PRODUCT_NAME = "$(TARGET_NAME)";
				TEST_TARGET_NAME = AnimationDemo;
				USES_XCTRUNNER = YES;
			};
			name = Debug;
		};
		896754C71C81345000057E20 /* Release */ = {
			isa = XCBuildConfiguration;
			buildSettings = {
				INFOPLIST_FILE = AnimationDemoUITests/Info.plist;
				LD_RUNPATH_SEARCH_PATHS = "$(inherited) @executable_path/Frameworks @loader_path/Frameworks";
				PRODUCT_BUNDLE_IDENTIFIER = com.JSHENG.AnimationDemoUITests;
				PRODUCT_NAME = "$(TARGET_NAME)";
				TEST_TARGET_NAME = AnimationDemo;
				USES_XCTRUNNER = YES;
			};
			name = Release;
		};
/* End XCBuildConfiguration section */

/* Begin XCConfigurationList section */
		896754921C81345000057E20 /* Build configuration list for PBXProject "AnimationDemo" */ = {
			isa = XCConfigurationList;
			buildConfigurations = (
				896754BD1C81345000057E20 /* Debug */,
				896754BE1C81345000057E20 /* Release */,
			);
			defaultConfigurationIsVisible = 0;
			defaultConfigurationName = Release;
		};
		896754BF1C81345000057E20 /* Build configuration list for PBXNativeTarget "AnimationDemo" */ = {
			isa = XCConfigurationList;
			buildConfigurations = (
				896754C01C81345000057E20 /* Debug */,
				896754C11C81345000057E20 /* Release */,
			);
			defaultConfigurationIsVisible = 0;
		};
		896754C21C81345000057E20 /* Build configuration list for PBXNativeTarget "AnimationDemoTests" */ = {
			isa = XCConfigurationList;
			buildConfigurations = (
				896754C31C81345000057E20 /* Debug */,
				896754C41C81345000057E20 /* Release */,
			);
			defaultConfigurationIsVisible = 0;
		};
		896754C51C81345000057E20 /* Build configuration list for PBXNativeTarget "AnimationDemoUITests" */ = {
			isa = XCConfigurationList;
			buildConfigurations = (
				896754C61C81345000057E20 /* Debug */,
				896754C71C81345000057E20 /* Release */,
			);
			defaultConfigurationIsVisible = 0;
		};
/* End XCConfigurationList section */
	};
	rootObject = 8967548F1C81345000057E20 /* Project object */;
}
